
Microsoft Visual Studio Solution File, Format Version 12.00
# Visual Studio Version 17
VisualStudioVersion = 17.9.34622.214
MinimumVisualStudioVersion = 10.0.40219.1
Project("{9A19103F-16F7-4668-BE54-9A1E7A4F7556}") = "DesktopApp", "DesktopApp\DesktopApp.csproj", "{5C1348F3-B8F1-45E2-A622-6112A390EA58}"
EndProject
Project("{9A19103F-16F7-4668-BE54-9A1E7A4F7556}") = "BusinessLogic", "BusinessLogic\BusinessLogic.csproj", "{3994FAA1-91B1-49F1-9442-6B66FBB98077}"
EndProject
Project("{9A19103F-16F7-4668-BE54-9A1E7A4F7556}") = "DataAccessLayer", "DataAccessLayer\DataAccessLayer.csproj", "{88B678F6-4232-4F6D-8678-87A2546DD00F}"
EndProject
Project("{9A19103F-16F7-4668-BE54-9A1E7A4F7556}") = "WebApp", "WebApp\WebApp.csproj", "{DE408D32-9CF9-4051-8708-45C1AC14ADC6}"
EndProject
Project("{9A19103F-16F7-4668-BE54-9A1E7A4F7556}") = "Domain", "Domain\Domain.csproj", "{FBD6A9F2-67F0-4E37-A4F6-E2F6F38338A3}"
EndProject
Project("{9A19103F-16F7-4668-BE54-9A1E7A4F7556}") = "UHMSApp", "UHMSApp\UHMSApp.csproj", "{025F1984-334B-43EB-80FB-031EF8042D8D}"
EndProject
Global
	GlobalSection(SolutionConfigurationPlatforms) = preSolution
		Debug|Any CPU = Debug|Any CPU
		Release|Any CPU = Release|Any CPU
	EndGlobalSection
	GlobalSection(ProjectConfigurationPlatforms) = postSolution
		{5C1348F3-B8F1-45E2-A622-6112A390EA58}.Debug|Any CPU.ActiveCfg = Debug|Any CPU
		{5C1348F3-B8F1-45E2-A622-6112A390EA58}.Debug|Any CPU.Build.0 = Debug|Any CPU
		{5C1348F3-B8F1-45E2-A622-6112A390EA58}.Release|Any CPU.ActiveCfg = Release|Any CPU
		{5C1348F3-B8F1-45E2-A622-6112A390EA58}.Release|Any CPU.Build.0 = Release|Any CPU
		{3994FAA1-91B1-49F1-9442-6B66FBB98077}.Debug|Any CPU.ActiveCfg = Debug|Any CPU
		{3994FAA1-91B1-49F1-9442-6B66FBB98077}.Debug|Any CPU.Build.0 = Debug|Any CPU
		{3994FAA1-91B1-49F1-9442-6B66FBB98077}.Release|Any CPU.ActiveCfg = Release|Any CPU
		{3994FAA1-91B1-49F1-9442-6B66FBB98077}.Release|Any CPU.Build.0 = Release|Any CPU
		{88B678F6-4232-4F6D-8678-87A2546DD00F}.Debug|Any CPU.ActiveCfg = Debug|Any CPU
		{88B678F6-4232-4F6D-8678-87A2546DD00F}.Debug|Any CPU.Build.0 = Debug|Any CPU
		{88B678F6-4232-4F6D-8678-87A2546DD00F}.Release|Any CPU.ActiveCfg = Release|Any CPU
		{88B678F6-4232-4F6D-8678-87A2546DD00F}.Release|Any CPU.Build.0 = Release|Any CPU
		{DE408D32-9CF9-4051-8708-45C1AC14ADC6}.Debug|Any CPU.ActiveCfg = Debug|Any CPU
		{DE408D32-9CF9-4051-8708-45C1AC14ADC6}.Debug|Any CPU.Build.0 = Debug|Any CPU
		{DE408D32-9CF9-4051-8708-45C1AC14ADC6}.Release|Any CPU.ActiveCfg = Release|Any CPU
		{DE408D32-9CF9-4051-8708-45C1AC14ADC6}.Release|Any CPU.Build.0 = Release|Any CPU
		{FBD6A9F2-67F0-4E37-A4F6-E2F6F38338A3}.Debug|Any CPU.ActiveCfg = Debug|Any CPU
		{FBD6A9F2-67F0-4E37-A4F6-E2F6F38338A3}.Debug|Any CPU.Build.0 = Debug|Any CPU
		{FBD6A9F2-67F0-4E37-A4F6-E2F6F38338A3}.Release|Any CPU.ActiveCfg = Release|Any CPU
		{FBD6A9F2-67F0-4E37-A4F6-E2F6F38338A3}.Release|Any CPU.Build.0 = Release|Any CPU
		{025F1984-334B-43EB-80FB-031EF8042D8D}.Debug|Any CPU.ActiveCfg = Debug|Any CPU
		{025F1984-334B-43EB-80FB-031EF8042D8D}.Debug|Any CPU.Build.0 = Debug|Any CPU
		{025F1984-334B-43EB-80FB-031EF8042D8D}.Release|Any CPU.ActiveCfg = Release|Any CPU
		{025F1984-334B-43EB-80FB-031EF8042D8D}.Release|Any CPU.Build.0 = Release|Any CPU
	EndGlobalSection
	GlobalSection(SolutionProperties) = preSolution
		HideSolutionNode = FALSE
	EndGlobalSection
	GlobalSection(ExtensibilityGlobals) = postSolution
		SolutionGuid = {EB50417A-72E9-4E3F-9D99-B7F1ADA828F5}
	EndGlobalSection
EndGlobal
